
Microsoft Visual Studio Solution File, Format Version 12.00
# Visual Studio Version 16
VisualStudioVersion = 16.0.30804.86
MinimumVisualStudioVersion = 10.0.40219.1
Project("{FAE04EC0-301F-11D3-BF4B-00C04F79EFBC}") = "MyWay.Android", "MyWay.Android\MyWay.Android.csproj", "{097A33DD-D97C-423E-B10A-7AAEF78A5D73}"
EndProject
Project("{FAE04EC0-301F-11D3-BF4B-00C04F79EFBC}") = "MyWay", "MyWay\MyWay.csproj", "{C7E6E468-C82C-4360-A51C-8AD7DF482871}"
EndProject
Global
	GlobalSection(SolutionConfigurationPlatforms) = preSolution
		Debug|Any CPU = Debug|Any CPU
		Release|Any CPU = Release|Any CPU
	EndGlobalSection
	GlobalSection(ProjectConfigurationPlatforms) = postSolution
		{097A33DD-D97C-423E-B10A-7AAEF78A5D73}.Debug|Any CPU.ActiveCfg = Debug|Any CPU
		{097A33DD-D97C-423E-B10A-7AAEF78A5D73}.Debug|Any CPU.Build.0 = Debug|Any CPU
		{097A33DD-D97C-423E-B10A-7AAEF78A5D73}.Debug|Any CPU.Deploy.0 = Debug|Any CPU
		{097A33DD-D97C-423E-B10A-7AAEF78A5D73}.Release|Any CPU.ActiveCfg = Release|Any CPU
		{097A33DD-D97C-423E-B10A-7AAEF78A5D73}.Release|Any CPU.Build.0 = Release|Any CPU
		{097A33DD-D97C-423E-B10A-7AAEF78A5D73}.Release|Any CPU.Deploy.0 = Release|Any CPU
		{C7E6E468-C82C-4360-A51C-8AD7DF482871}.Debug|Any CPU.ActiveCfg = Debug|Any CPU
		{C7E6E468-C82C-4360-A51C-8AD7DF482871}.Debug|Any CPU.Build.0 = Debug|Any CPU
		{C7E6E468-C82C-4360-A51C-8AD7DF482871}.Debug|Any CPU.Deploy.0 = Debug|Any CPU
		{C7E6E468-C82C-4360-A51C-8AD7DF482871}.Release|Any CPU.ActiveCfg = Release|Any CPU
		{C7E6E468-C82C-4360-A51C-8AD7DF482871}.Release|Any CPU.Build.0 = Release|Any CPU
		{C7E6E468-C82C-4360-A51C-8AD7DF482871}.Release|Any CPU.Deploy.0 = Release|Any CPU
	EndGlobalSection
	GlobalSection(SolutionProperties) = preSolution
		HideSolutionNode = FALSE
	EndGlobalSection
	GlobalSection(ExtensibilityGlobals) = postSolution
		SolutionGuid = {37C41A93-151C-47E0-9ECB-53A6498129E1}
	EndGlobalSection
EndGlobal
